// !$*UTF8*$!
{
	archiveVersion = 1;
	classes = {
	};
	objectVersion = 56;
	objects = {

/* Begin PBXBuildFile section */
		180D53952964302E0096FF34 /* UserInfoVC.swift in Sources */ = {isa = PBXBuildFile; fileRef = 180D53942964302E0096FF34 /* UserInfoVC.swift */; };
		180D5397296468520096FF34 /* GFUserIngoHeaderVC.swift in Sources */ = {isa = PBXBuildFile; fileRef = 180D5396296468520096FF34 /* GFUserIngoHeaderVC.swift */; };
		180D5399296468AB0096FF34 /* GFSecondaryTitleLabel.swift in Sources */ = {isa = PBXBuildFile; fileRef = 180D5398296468AB0096FF34 /* GFSecondaryTitleLabel.swift */; };
		180D539B29646F550096FF34 /* Constatns.swift in Sources */ = {isa = PBXBuildFile; fileRef = 180D539A29646F550096FF34 /* Constatns.swift */; };
		185B07F0294880A900EBF0DA /* Follower.swift in Sources */ = {isa = PBXBuildFile; fileRef = 185B07EF294880A900EBF0DA /* Follower.swift */; };
		185B07F22948816C00EBF0DA /* User.swift in Sources */ = {isa = PBXBuildFile; fileRef = 185B07F12948816C00EBF0DA /* User.swift */; };
		185B07F52949FE3F00EBF0DA /* NerworkManager.swift in Sources */ = {isa = PBXBuildFile; fileRef = 185B07F42949FE3F00EBF0DA /* NerworkManager.swift */; };
		185B07F8294A0EA400EBF0DA /* ErrorMessage.swift in Sources */ = {isa = PBXBuildFile; fileRef = 185B07F7294A0EA400EBF0DA /* ErrorMessage.swift */; };
		18608F32294C764500A64B68 /* FollowerCell.swift in Sources */ = {isa = PBXBuildFile; fileRef = 18608F31294C764500A64B68 /* FollowerCell.swift */; };
		18608F34294C76BA00A64B68 /* GFAvatarImageView.swift in Sources */ = {isa = PBXBuildFile; fileRef = 18608F33294C76BA00A64B68 /* GFAvatarImageView.swift */; };
		1898B81F2954774A0003A0BD /* UIhelper.swift in Sources */ = {isa = PBXBuildFile; fileRef = 1898B81E2954774A0003A0BD /* UIhelper.swift */; };
		18A320C0293F9A8000EBC39F /* AppDelegate.swift in Sources */ = {isa = PBXBuildFile; fileRef = 18A320BF293F9A8000EBC39F /* AppDelegate.swift */; };
		18A320C2293F9A8000EBC39F /* SceneDelegate.swift in Sources */ = {isa = PBXBuildFile; fileRef = 18A320C1293F9A8000EBC39F /* SceneDelegate.swift */; };
		18A320C9293F9A8300EBC39F /* Assets.xcassets in Resources */ = {isa = PBXBuildFile; fileRef = 18A320C8293F9A8300EBC39F /* Assets.xcassets */; };
		18A320CC293F9A8300EBC39F /* LaunchScreen.storyboard in Resources */ = {isa = PBXBuildFile; fileRef = 18A320CA293F9A8300EBC39F /* LaunchScreen.storyboard */; };
		18A320D42940AB8900EBC39F /* SearchVC.swift in Sources */ = {isa = PBXBuildFile; fileRef = 18A320D32940AB8900EBC39F /* SearchVC.swift */; };
		18A320D62940ABCB00EBC39F /* FavoritesListVC.swift in Sources */ = {isa = PBXBuildFile; fileRef = 18A320D52940ABCB00EBC39F /* FavoritesListVC.swift */; };
		18A320D82940C9BA00EBC39F /* GFButton.swift in Sources */ = {isa = PBXBuildFile; fileRef = 18A320D72940C9BA00EBC39F /* GFButton.swift */; };
		18A320DA2940CD1A00EBC39F /* GFTextField.swift in Sources */ = {isa = PBXBuildFile; fileRef = 18A320D92940CD1A00EBC39F /* GFTextField.swift */; };
		18A320DC2941F9F100EBC39F /* FollowerListVC.swift in Sources */ = {isa = PBXBuildFile; fileRef = 18A320DB2941F9F100EBC39F /* FollowerListVC.swift */; };
		18BDDC30296341DE00830A55 /* GFEmptyStateView.swift in Sources */ = {isa = PBXBuildFile; fileRef = 18BDDC2F296341DE00830A55 /* GFEmptyStateView.swift */; };
		18F6B84129422D5F00FDFB09 /* GFTitleLabel.swift in Sources */ = {isa = PBXBuildFile; fileRef = 18F6B84029422D5F00FDFB09 /* GFTitleLabel.swift */; };
		18F6B84329422EB600FDFB09 /* GFBodyLabel.swift in Sources */ = {isa = PBXBuildFile; fileRef = 18F6B84229422EB600FDFB09 /* GFBodyLabel.swift */; };
		18F6B8452942307C00FDFB09 /* GFAlertVC.swift in Sources */ = {isa = PBXBuildFile; fileRef = 18F6B8442942307C00FDFB09 /* GFAlertVC.swift */; };
		18F6B8472942392600FDFB09 /* UIViewController+Ext.swift in Sources */ = {isa = PBXBuildFile; fileRef = 18F6B8462942392600FDFB09 /* UIViewController+Ext.swift */; };
/* End PBXBuildFile section */

/* Begin PBXFileReference section */
		180D53942964302E0096FF34 /* UserInfoVC.swift */ = {isa = PBXFileReference; lastKnownFileType = sourcecode.swift; path = UserInfoVC.swift; sourceTree = "<group>"; };
		180D5396296468520096FF34 /* GFUserIngoHeaderVC.swift */ = {isa = PBXFileReference; lastKnownFileType = sourcecode.swift; path = GFUserIngoHeaderVC.swift; sourceTree = "<group>"; };
		180D5398296468AB0096FF34 /* GFSecondaryTitleLabel.swift */ = {isa = PBXFileReference; lastKnownFileType = sourcecode.swift; path = GFSecondaryTitleLabel.swift; sourceTree = "<group>"; };
		180D539A29646F550096FF34 /* Constatns.swift */ = {isa = PBXFileReference; lastKnownFileType = sourcecode.swift; path = Constatns.swift; sourceTree = "<group>"; };
		185B07EF294880A900EBF0DA /* Follower.swift */ = {isa = PBXFileReference; lastKnownFileType = sourcecode.swift; path = Follower.swift; sourceTree = "<group>"; };
		185B07F12948816C00EBF0DA /* User.swift */ = {isa = PBXFileReference; lastKnownFileType = sourcecode.swift; path = User.swift; sourceTree = "<group>"; };
		185B07F42949FE3F00EBF0DA /* NerworkManager.swift */ = {isa = PBXFileReference; lastKnownFileType = sourcecode.swift; path = NerworkManager.swift; sourceTree = "<group>"; };
		185B07F7294A0EA400EBF0DA /* ErrorMessage.swift */ = {isa = PBXFileReference; lastKnownFileType = sourcecode.swift; path = ErrorMessage.swift; sourceTree = "<group>"; };
		18608F31294C764500A64B68 /* FollowerCell.swift */ = {isa = PBXFileReference; lastKnownFileType = sourcecode.swift; path = FollowerCell.swift; sourceTree = "<group>"; };
		18608F33294C76BA00A64B68 /* GFAvatarImageView.swift */ = {isa = PBXFileReference; lastKnownFileType = sourcecode.swift; path = GFAvatarImageView.swift; sourceTree = "<group>"; };
		1898B81E2954774A0003A0BD /* UIhelper.swift */ = {isa = PBXFileReference; lastKnownFileType = sourcecode.swift; path = UIhelper.swift; sourceTree = "<group>"; };
		18A320BC293F9A8000EBC39F /* GitHubFollowers.app */ = {isa = PBXFileReference; explicitFileType = wrapper.application; includeInIndex = 0; path = GitHubFollowers.app; sourceTree = BUILT_PRODUCTS_DIR; };
		18A320BF293F9A8000EBC39F /* AppDelegate.swift */ = {isa = PBXFileReference; lastKnownFileType = sourcecode.swift; path = AppDelegate.swift; sourceTree = "<group>"; };
		18A320C1293F9A8000EBC39F /* SceneDelegate.swift */ = {isa = PBXFileReference; lastKnownFileType = sourcecode.swift; path = SceneDelegate.swift; sourceTree = "<group>"; };
		18A320C8293F9A8300EBC39F /* Assets.xcassets */ = {isa = PBXFileReference; lastKnownFileType = folder.assetcatalog; path = Assets.xcassets; sourceTree = "<group>"; };
		18A320CB293F9A8300EBC39F /* Base */ = {isa = PBXFileReference; lastKnownFileType = file.storyboard; name = Base; path = Base.lproj/LaunchScreen.storyboard; sourceTree = "<group>"; };
		18A320CD293F9A8300EBC39F /* Info.plist */ = {isa = PBXFileReference; lastKnownFileType = text.plist.xml; path = Info.plist; sourceTree = "<group>"; };
		18A320D32940AB8900EBC39F /* SearchVC.swift */ = {isa = PBXFileReference; lastKnownFileType = sourcecode.swift; path = SearchVC.swift; sourceTree = "<group>"; };
		18A320D52940ABCB00EBC39F /* FavoritesListVC.swift */ = {isa = PBXFileReference; lastKnownFileType = sourcecode.swift; path = FavoritesListVC.swift; sourceTree = "<group>"; };
		18A320D72940C9BA00EBC39F /* GFButton.swift */ = {isa = PBXFileReference; lastKnownFileType = sourcecode.swift; path = GFButton.swift; sourceTree = "<group>"; };
		18A320D92940CD1A00EBC39F /* GFTextField.swift */ = {isa = PBXFileReference; lastKnownFileType = sourcecode.swift; path = GFTextField.swift; sourceTree = "<group>"; };
		18A320DB2941F9F100EBC39F /* FollowerListVC.swift */ = {isa = PBXFileReference; lastKnownFileType = sourcecode.swift; path = FollowerListVC.swift; sourceTree = "<group>"; };
		18BDDC2F296341DE00830A55 /* GFEmptyStateView.swift */ = {isa = PBXFileReference; lastKnownFileType = sourcecode.swift; path = GFEmptyStateView.swift; sourceTree = "<group>"; };
		18F6B84029422D5F00FDFB09 /* GFTitleLabel.swift */ = {isa = PBXFileReference; lastKnownFileType = sourcecode.swift; path = GFTitleLabel.swift; sourceTree = "<group>"; };
		18F6B84229422EB600FDFB09 /* GFBodyLabel.swift */ = {isa = PBXFileReference; lastKnownFileType = sourcecode.swift; path = GFBodyLabel.swift; sourceTree = "<group>"; };
		18F6B8442942307C00FDFB09 /* GFAlertVC.swift */ = {isa = PBXFileReference; lastKnownFileType = sourcecode.swift; path = GFAlertVC.swift; sourceTree = "<group>"; };
		18F6B8462942392600FDFB09 /* UIViewController+Ext.swift */ = {isa = PBXFileReference; lastKnownFileType = sourcecode.swift; path = "UIViewController+Ext.swift"; sourceTree = "<group>"; };
/* End PBXFileReference section */

/* Begin PBXFrameworksBuildPhase section */
		18A320B9293F9A8000EBC39F /* Frameworks */ = {
			isa = PBXFrameworksBuildPhase;
			buildActionMask = 2147483647;
			files = (
			);
			runOnlyForDeploymentPostprocessing = 0;
		};
/* End PBXFrameworksBuildPhase section */

/* Begin PBXGroup section */
		185B07EE2948808D00EBF0DA /* Model */ = {
			isa = PBXGroup;
			children = (
				185B07EF294880A900EBF0DA /* Follower.swift */,
				185B07F12948816C00EBF0DA /* User.swift */,
			);
			path = Model;
			sourceTree = "<group>";
		};
		185B07F32949FE2F00EBF0DA /* Managers */ = {
			isa = PBXGroup;
			children = (
				185B07F42949FE3F00EBF0DA /* NerworkManager.swift */,
			);
			path = Managers;
			sourceTree = "<group>";
		};
		185B07F6294A0E9200EBF0DA /* Utilities */ = {
			isa = PBXGroup;
			children = (
				185B07F7294A0EA400EBF0DA /* ErrorMessage.swift */,
				1898B81E2954774A0003A0BD /* UIhelper.swift */,
				180D539A29646F550096FF34 /* Constatns.swift */,
			);
			path = Utilities;
			sourceTree = "<group>";
		};
		18608F30294C75E200A64B68 /* Cells */ = {
			isa = PBXGroup;
			children = (
				18608F31294C764500A64B68 /* FollowerCell.swift */,
			);
			path = Cells;
			sourceTree = "<group>";
		};
		18A320B3293F9A8000EBC39F = {
			isa = PBXGroup;
			children = (
				18A320BE293F9A8000EBC39F /* GitHubFollowers */,
				18A320BD293F9A8000EBC39F /* Products */,
			);
			sourceTree = "<group>";
		};
		18A320BD293F9A8000EBC39F /* Products */ = {
			isa = PBXGroup;
			children = (
				18A320BC293F9A8000EBC39F /* GitHubFollowers.app */,
			);
			name = Products;
			sourceTree = "<group>";
		};
		18A320BE293F9A8000EBC39F /* GitHubFollowers */ = {
			isa = PBXGroup;
			children = (
				185B07F6294A0E9200EBF0DA /* Utilities */,
				185B07F32949FE2F00EBF0DA /* Managers */,
				185B07EE2948808D00EBF0DA /* Model */,
				18F6B84A29423C6700FDFB09 /* Extensions */,
				18F6B84929423C2F00FDFB09 /* CustomViews */,
				18F6B84829423BF700FDFB09 /* Screens */,
				18F6B84B29423CC600FDFB09 /* Support */,
			);
			path = GitHubFollowers;
			sourceTree = "<group>";
		};
		18BDDC292963415B00830A55 /* Views */ = {
			isa = PBXGroup;
			children = (
				18BDDC2F296341DE00830A55 /* GFEmptyStateView.swift */,
			);
			path = Views;
			sourceTree = "<group>";
		};
		18BDDC2A2963416500830A55 /* Buttons */ = {
			isa = PBXGroup;
			children = (
				18A320D72940C9BA00EBC39F /* GFButton.swift */,
			);
			path = Buttons;
			sourceTree = "<group>";
		};
		18BDDC2B2963417900830A55 /* TextFIelds */ = {
			isa = PBXGroup;
			children = (
				18A320D92940CD1A00EBC39F /* GFTextField.swift */,
			);
			path = TextFIelds;
			sourceTree = "<group>";
		};
		18BDDC2C2963417F00830A55 /* ImageViews */ = {
			isa = PBXGroup;
			children = (
				18608F33294C76BA00A64B68 /* GFAvatarImageView.swift */,
			);
			path = ImageViews;
			sourceTree = "<group>";
		};
		18BDDC2D2963419200830A55 /* ViewControllers */ = {
			isa = PBXGroup;
			children = (
				18F6B8442942307C00FDFB09 /* GFAlertVC.swift */,
				180D5396296468520096FF34 /* GFUserIngoHeaderVC.swift */,
			);
			path = ViewControllers;
			sourceTree = "<group>";
		};
		18BDDC2E296341B600830A55 /* Labels */ = {
			isa = PBXGroup;
			children = (
				18F6B84229422EB600FDFB09 /* GFBodyLabel.swift */,
				18F6B84029422D5F00FDFB09 /* GFTitleLabel.swift */,
				180D5398296468AB0096FF34 /* GFSecondaryTitleLabel.swift */,
			);
			path = Labels;
			sourceTree = "<group>";
		};
		18F6B84829423BF700FDFB09 /* Screens */ = {
			isa = PBXGroup;
			children = (
				18A320D32940AB8900EBC39F /* SearchVC.swift */,
				18A320DB2941F9F100EBC39F /* FollowerListVC.swift */,
				18A320D52940ABCB00EBC39F /* FavoritesListVC.swift */,
				180D53942964302E0096FF34 /* UserInfoVC.swift */,
			);
			path = Screens;
			sourceTree = "<group>";
		};
		18F6B84929423C2F00FDFB09 /* CustomViews */ = {
			isa = PBXGroup;
			children = (
				18BDDC2E296341B600830A55 /* Labels */,
				18BDDC2D2963419200830A55 /* ViewControllers */,
				18BDDC2C2963417F00830A55 /* ImageViews */,
				18BDDC2B2963417900830A55 /* TextFIelds */,
				18BDDC2A2963416500830A55 /* Buttons */,
				18BDDC292963415B00830A55 /* Views */,
				18608F30294C75E200A64B68 /* Cells */,
			);
			path = CustomViews;
			sourceTree = "<group>";
		};
		18F6B84A29423C6700FDFB09 /* Extensions */ = {
			isa = PBXGroup;
			children = (
				18F6B8462942392600FDFB09 /* UIViewController+Ext.swift */,
			);
			path = Extensions;
			sourceTree = "<group>";
		};
		18F6B84B29423CC600FDFB09 /* Support */ = {
			isa = PBXGroup;
			children = (
				18A320BF293F9A8000EBC39F /* AppDelegate.swift */,
				18A320C1293F9A8000EBC39F /* SceneDelegate.swift */,
				18A320C8293F9A8300EBC39F /* Assets.xcassets */,
				18A320CA293F9A8300EBC39F /* LaunchScreen.storyboard */,
				18A320CD293F9A8300EBC39F /* Info.plist */,
			);
			path = Support;
			sourceTree = "<group>";
		};
/* End PBXGroup section */

/* Begin PBXNativeTarget section */
		18A320BB293F9A8000EBC39F /* GitHubFollowers */ = {
			isa = PBXNativeTarget;
			buildConfigurationList = 18A320D0293F9A8300EBC39F /* Build configuration list for PBXNativeTarget "GitHubFollowers" */;
			buildPhases = (
				18A320B8293F9A8000EBC39F /* Sources */,
				18A320B9293F9A8000EBC39F /* Frameworks */,
				18A320BA293F9A8000EBC39F /* Resources */,
			);
			buildRules = (
			);
			dependencies = (
			);
			name = GitHubFollowers;
			productName = GitHubFollowers;
			productReference = 18A320BC293F9A8000EBC39F /* GitHubFollowers.app */;
			productType = "com.apple.product-type.application";
		};
/* End PBXNativeTarget section */

/* Begin PBXProject section */
		18A320B4293F9A8000EBC39F /* Project object */ = {
			isa = PBXProject;
			attributes = {
				BuildIndependentTargetsInParallel = 1;
				LastSwiftUpdateCheck = 1410;
				LastUpgradeCheck = 1410;
				TargetAttributes = {
					18A320BB293F9A8000EBC39F = {
						CreatedOnToolsVersion = 14.1;
					};
				};
			};
			buildConfigurationList = 18A320B7293F9A8000EBC39F /* Build configuration list for PBXProject "GitHubFollowers" */;
			compatibilityVersion = "Xcode 14.0";
			developmentRegion = en;
			hasScannedForEncodings = 0;
			knownRegions = (
				en,
				Base,
			);
			mainGroup = 18A320B3293F9A8000EBC39F;
			productRefGroup = 18A320BD293F9A8000EBC39F /* Products */;
			projectDirPath = "";
			projectRoot = "";
			targets = (
				18A320BB293F9A8000EBC39F /* GitHubFollowers */,
			);
		};
/* End PBXProject section */

/* Begin PBXResourcesBuildPhase section */
		18A320BA293F9A8000EBC39F /* Resources */ = {
			isa = PBXResourcesBuildPhase;
			buildActionMask = 2147483647;
			files = (
				18A320CC293F9A8300EBC39F /* LaunchScreen.storyboard in Resources */,
				18A320C9293F9A8300EBC39F /* Assets.xcassets in Resources */,
			);
			runOnlyForDeploymentPostprocessing = 0;
		};
/* End PBXResourcesBuildPhase section */

/* Begin PBXSourcesBuildPhase section */
		18A320B8293F9A8000EBC39F /* Sources */ = {
			isa = PBXSourcesBuildPhase;
			buildActionMask = 2147483647;
			files = (
				185B07F22948816C00EBF0DA /* User.swift in Sources */,
				18A320DA2940CD1A00EBC39F /* GFTextField.swift in Sources */,
				18A320D62940ABCB00EBC39F /* FavoritesListVC.swift in Sources */,
				18A320D82940C9BA00EBC39F /* GFButton.swift in Sources */,
				18F6B8472942392600FDFB09 /* UIViewController+Ext.swift in Sources */,
				180D539B29646F550096FF34 /* Constatns.swift in Sources */,
				18608F34294C76BA00A64B68 /* GFAvatarImageView.swift in Sources */,
				18A320D42940AB8900EBC39F /* SearchVC.swift in Sources */,
				18F6B8452942307C00FDFB09 /* GFAlertVC.swift in Sources */,
				18608F32294C764500A64B68 /* FollowerCell.swift in Sources */,
				185B07F8294A0EA400EBF0DA /* ErrorMessage.swift in Sources */,
				18A320DC2941F9F100EBC39F /* FollowerListVC.swift in Sources */,
				1898B81F2954774A0003A0BD /* UIhelper.swift in Sources */,
				185B07F52949FE3F00EBF0DA /* NerworkManager.swift in Sources */,
				185B07F0294880A900EBF0DA /* Follower.swift in Sources */,
				18BDDC30296341DE00830A55 /* GFEmptyStateView.swift in Sources */,
				180D5399296468AB0096FF34 /* GFSecondaryTitleLabel.swift in Sources */,
				18A320C0293F9A8000EBC39F /* AppDelegate.swift in Sources */,
				18F6B84329422EB600FDFB09 /* GFBodyLabel.swift in Sources */,
				18F6B84129422D5F00FDFB09 /* GFTitleLabel.swift in Sources */,
				18A320C2293F9A8000EBC39F /* SceneDelegate.swift in Sources */,
				180D53952964302E0096FF34 /* UserInfoVC.swift in Sources */,
				180D5397296468520096FF34 /* GFUserIngoHeaderVC.swift in Sources */,
			);
			runOnlyForDeploymentPostprocessing = 0;
		};
/* End PBXSourcesBuildPhase section */

/* Begin PBXVariantGroup section */
		18A320CA293F9A8300EBC39F /* LaunchScreen.storyboard */ = {
			isa = PBXVariantGroup;
			children = (
				18A320CB293F9A8300EBC39F /* Base */,
			);
			name = LaunchScreen.storyboard;
			sourceTree = "<group>";
		};
/* End PBXVariantGroup section */

/* Begin XCBuildConfiguration section */
		18A320CE293F9A8300EBC39F /* Debug */ = {
			isa = XCBuildConfiguration;
			buildSettings = {
				ALWAYS_SEARCH_USER_PATHS = NO;
				CLANG_ANALYZER_NONNULL = YES;
				CLANG_ANALYZER_NUMBER_OBJECT_CONVERSION = YES_AGGRESSIVE;
				CLANG_CXX_LANGUAGE_STANDARD = "gnu++20";
				CLANG_ENABLE_MODULES = YES;
				CLANG_ENABLE_OBJC_ARC = YES;
				CLANG_ENABLE_OBJC_WEAK = YES;
				CLANG_WARN_BLOCK_CAPTURE_AUTORELEASING = YES;
				CLANG_WARN_BOOL_CONVERSION = YES;
				CLANG_WARN_COMMA = YES;
				CLANG_WARN_CONSTANT_CONVERSION = YES;
				CLANG_WARN_DEPRECATED_OBJC_IMPLEMENTATIONS = YES;
				CLANG_WARN_DIRECT_OBJC_ISA_USAGE = YES_ERROR;
				CLANG_WARN_DOCUMENTATION_COMMENTS = YES;
				CLANG_WARN_EMPTY_BODY = YES;
				CLANG_WARN_ENUM_CONVERSION = YES;
				CLANG_WARN_INFINITE_RECURSION = YES;
				CLANG_WARN_INT_CONVERSION = YES;
				CLANG_WARN_NON_LITERAL_NULL_CONVERSION = YES;
				CLANG_WARN_OBJC_IMPLICIT_RETAIN_SELF = YES;
				CLANG_WARN_OBJC_LITERAL_CONVERSION = YES;
				CLANG_WARN_OBJC_ROOT_CLASS = YES_ERROR;
				CLANG_WARN_QUOTED_INCLUDE_IN_FRAMEWORK_HEADER = YES;
				CLANG_WARN_RANGE_LOOP_ANALYSIS = YES;
				CLANG_WARN_STRICT_PROTOTYPES = YES;
				CLANG_WARN_SUSPICIOUS_MOVE = YES;
				CLANG_WARN_UNGUARDED_AVAILABILITY = YES_AGGRESSIVE;
				CLANG_WARN_UNREACHABLE_CODE = YES;
				CLANG_WARN__DUPLICATE_METHOD_MATCH = YES;
				COPY_PHASE_STRIP = NO;
				DEBUG_INFORMATION_FORMAT = dwarf;
				ENABLE_STRICT_OBJC_MSGSEND = YES;
				ENABLE_TESTABILITY = YES;
				GCC_C_LANGUAGE_STANDARD = gnu11;
				GCC_DYNAMIC_NO_PIC = NO;
				GCC_NO_COMMON_BLOCKS = YES;
				GCC_OPTIMIZATION_LEVEL = 0;
				GCC_PREPROCESSOR_DEFINITIONS = (
					"DEBUG=1",
					"$(inherited)",
				);
				GCC_WARN_64_TO_32_BIT_CONVERSION = YES;
				GCC_WARN_ABOUT_RETURN_TYPE = YES_ERROR;
				GCC_WARN_UNDECLARED_SELECTOR = YES;
				GCC_WARN_UNINITIALIZED_AUTOS = YES_AGGRESSIVE;
				GCC_WARN_UNUSED_FUNCTION = YES;
				GCC_WARN_UNUSED_VARIABLE = YES;
				IPHONEOS_DEPLOYMENT_TARGET = 13.0;
				MTL_ENABLE_DEBUG_INFO = INCLUDE_SOURCE;
				MTL_FAST_MATH = YES;
				ONLY_ACTIVE_ARCH = YES;
				SDKROOT = iphoneos;
				SWIFT_ACTIVE_COMPILATION_CONDITIONS = DEBUG;
				SWIFT_OPTIMIZATION_LEVEL = "-Onone";
			};
			name = Debug;
		};
		18A320CF293F9A8300EBC39F /* Release */ = {
			isa = XCBuildConfiguration;
			buildSettings = {
				ALWAYS_SEARCH_USER_PATHS = NO;
				CLANG_ANALYZER_NONNULL = YES;
				CLANG_ANALYZER_NUMBER_OBJECT_CONVERSION = YES_AGGRESSIVE;
				CLANG_CXX_LANGUAGE_STANDARD = "gnu++20";
				CLANG_ENABLE_MODULES = YES;
				CLANG_ENABLE_OBJC_ARC = YES;
				CLANG_ENABLE_OBJC_WEAK = YES;
				CLANG_WARN_BLOCK_CAPTURE_AUTORELEASING = YES;
				CLANG_WARN_BOOL_CONVERSION = YES;
				CLANG_WARN_COMMA = YES;
				CLANG_WARN_CONSTANT_CONVERSION = YES;
				CLANG_WARN_DEPRECATED_OBJC_IMPLEMENTATIONS = YES;
				CLANG_WARN_DIRECT_OBJC_ISA_USAGE = YES_ERROR;
				CLANG_WARN_DOCUMENTATION_COMMENTS = YES;
				CLANG_WARN_EMPTY_BODY = YES;
				CLANG_WARN_ENUM_CONVERSION = YES;
				CLANG_WARN_INFINITE_RECURSION = YES;
				CLANG_WARN_INT_CONVERSION = YES;
				CLANG_WARN_NON_LITERAL_NULL_CONVERSION = YES;
				CLANG_WARN_OBJC_IMPLICIT_RETAIN_SELF = YES;
				CLANG_WARN_OBJC_LITERAL_CONVERSION = YES;
				CLANG_WARN_OBJC_ROOT_CLASS = YES_ERROR;
				CLANG_WARN_QUOTED_INCLUDE_IN_FRAMEWORK_HEADER = YES;
				CLANG_WARN_RANGE_LOOP_ANALYSIS = YES;
				CLANG_WARN_STRICT_PROTOTYPES = YES;
				CLANG_WARN_SUSPICIOUS_MOVE = YES;
				CLANG_WARN_UNGUARDED_AVAILABILITY = YES_AGGRESSIVE;
				CLANG_WARN_UNREACHABLE_CODE = YES;
				CLANG_WARN__DUPLICATE_METHOD_MATCH = YES;
				COPY_PHASE_STRIP = NO;
				DEBUG_INFORMATION_FORMAT = "dwarf-with-dsym";
				ENABLE_NS_ASSERTIONS = NO;
				ENABLE_STRICT_OBJC_MSGSEND = YES;
				GCC_C_LANGUAGE_STANDARD = gnu11;
				GCC_NO_COMMON_BLOCKS = YES;
				GCC_WARN_64_TO_32_BIT_CONVERSION = YES;
				GCC_WARN_ABOUT_RETURN_TYPE = YES_ERROR;
				GCC_WARN_UNDECLARED_SELECTOR = YES;
				GCC_WARN_UNINITIALIZED_AUTOS = YES_AGGRESSIVE;
				GCC_WARN_UNUSED_FUNCTION = YES;
				GCC_WARN_UNUSED_VARIABLE = YES;
				IPHONEOS_DEPLOYMENT_TARGET = 13.0;
				MTL_ENABLE_DEBUG_INFO = NO;
				MTL_FAST_MATH = YES;
				SDKROOT = iphoneos;
				SWIFT_COMPILATION_MODE = wholemodule;
				SWIFT_OPTIMIZATION_LEVEL = "-O";
				VALIDATE_PRODUCT = YES;
			};
			name = Release;
		};
		18A320D1293F9A8300EBC39F /* Debug */ = {
			isa = XCBuildConfiguration;
			buildSettings = {
				ASSETCATALOG_COMPILER_APPICON_NAME = AppIcon;
				ASSETCATALOG_COMPILER_GLOBAL_ACCENT_COLOR_NAME = AccentColor;
				CODE_SIGN_STYLE = Automatic;
				CURRENT_PROJECT_VERSION = 1;
				DEVELOPMENT_TEAM = 63G7Z4U8W4;
				GENERATE_INFOPLIST_FILE = YES;
				INFOPLIST_FILE = GitHubFollowers/Support/Info.plist;
				INFOPLIST_KEY_UIApplicationSupportsIndirectInputEvents = YES;
				INFOPLIST_KEY_UILaunchStoryboardName = LaunchScreen;
				INFOPLIST_KEY_UISupportedInterfaceOrientations = UIInterfaceOrientationPortrait;
				INFOPLIST_KEY_UISupportedInterfaceOrientations_iPad = "UIInterfaceOrientationLandscapeLeft UIInterfaceOrientationLandscapeRight UIInterfaceOrientationPortrait UIInterfaceOrientationPortraitUpsideDown";
				IPHONEOS_DEPLOYMENT_TARGET = 15.0;
				LD_RUNPATH_SEARCH_PATHS = (
					"$(inherited)",
					"@executable_path/Frameworks",
				);
				MARKETING_VERSION = 1.0;
				PRODUCT_BUNDLE_IDENTIFIER = by.GitHubFollowers;
				PRODUCT_NAME = "$(TARGET_NAME)";
				SUPPORTED_PLATFORMS = "iphoneos iphonesimulator";
				SUPPORTS_MACCATALYST = NO;
				SUPPORTS_MAC_DESIGNED_FOR_IPHONE_IPAD = NO;
				SWIFT_EMIT_LOC_STRINGS = YES;
				SWIFT_VERSION = 5.0;
				TARGETED_DEVICE_FAMILY = 1;
			};
			name = Debug;
		};
		18A320D2293F9A8300EBC39F /* Release */ = {
			isa = XCBuildConfiguration;
			buildSettings = {
				ASSETCATALOG_COMPILER_APPICON_NAME = AppIcon;
				ASSETCATALOG_COMPILER_GLOBAL_ACCENT_COLOR_NAME = AccentColor;
				CODE_SIGN_STYLE = Automatic;
				CURRENT_PROJECT_VERSION = 1;
				DEVELOPMENT_TEAM = 63G7Z4U8W4;
				GENERATE_INFOPLIST_FILE = YES;
				INFOPLIST_FILE = GitHubFollowers/Support/Info.plist;
				INFOPLIST_KEY_UIApplicationSupportsIndirectInputEvents = YES;
				INFOPLIST_KEY_UILaunchStoryboardName = LaunchScreen;
				INFOPLIST_KEY_UISupportedInterfaceOrientations = UIInterfaceOrientationPortrait;
				INFOPLIST_KEY_UISupportedInterfaceOrientations_iPad = "UIInterfaceOrientationLandscapeLeft UIInterfaceOrientationLandscapeRight UIInterfaceOrientationPortrait UIInterfaceOrientationPortraitUpsideDown";
				IPHONEOS_DEPLOYMENT_TARGET = 15.0;
				LD_RUNPATH_SEARCH_PATHS = (
					"$(inherited)",
					"@executable_path/Frameworks",
				);
				MARKETING_VERSION = 1.0;
				PRODUCT_BUNDLE_IDENTIFIER = by.GitHubFollowers;
				PRODUCT_NAME = "$(TARGET_NAME)";
				SUPPORTED_PLATFORMS = "iphoneos iphonesimulator";
				SUPPORTS_MACCATALYST = NO;
				SUPPORTS_MAC_DESIGNED_FOR_IPHONE_IPAD = NO;
				SWIFT_EMIT_LOC_STRINGS = YES;
				SWIFT_VERSION = 5.0;
				TARGETED_DEVICE_FAMILY = 1;
			};
			name = Release;
		};
/* End XCBuildConfiguration section */

/* Begin XCConfigurationList section */
		18A320B7293F9A8000EBC39F /* Build configuration list for PBXProject "GitHubFollowers" */ = {
			isa = XCConfigurationList;
			buildConfigurations = (
				18A320CE293F9A8300EBC39F /* Debug */,
				18A320CF293F9A8300EBC39F /* Release */,
			);
			defaultConfigurationIsVisible = 0;
			defaultConfigurationName = Release;
		};
		18A320D0293F9A8300EBC39F /* Build configuration list for PBXNativeTarget "GitHubFollowers" */ = {
			isa = XCConfigurationList;
			buildConfigurations = (
				18A320D1293F9A8300EBC39F /* Debug */,
				18A320D2293F9A8300EBC39F /* Release */,
			);
			defaultConfigurationIsVisible = 0;
			defaultConfigurationName = Release;
		};
/* End XCConfigurationList section */
	};
	rootObject = 18A320B4293F9A8000EBC39F /* Project object */;
}
